
Microsoft Visual Studio Solution File, Format Version 12.00
# Visual Studio Version 16
VisualStudioVersion = 16.0.31129.286
MinimumVisualStudioVersion = 10.0.40219.1
Project("{FAE04EC0-301F-11D3-BF4B-00C04F79EFBC}") = "Palindromes", "Palindromes\Palindromes.csproj", "{85E03792-E89C-4FF0-A769-78D8A4F0F18C}"
EndProject
Project("{FAE04EC0-301F-11D3-BF4B-00C04F79EFBC}") = "Palindromes.Tests", "Palindromes.Tests\Palindromes.Tests.csproj", "{59BEFD06-80F4-489D-B129-179334A8A466}"
EndProject
Global
	GlobalSection(SolutionConfigurationPlatforms) = preSolution
		Debug|Any CPU = Debug|Any CPU
		Release|Any CPU = Release|Any CPU
	EndGlobalSection
	GlobalSection(ProjectConfigurationPlatforms) = postSolution
		{85E03792-E89C-4FF0-A769-78D8A4F0F18C}.Debug|Any CPU.ActiveCfg = Debug|Any CPU
		{85E03792-E89C-4FF0-A769-78D8A4F0F18C}.Debug|Any CPU.Build.0 = Debug|Any CPU
		{85E03792-E89C-4FF0-A769-78D8A4F0F18C}.Release|Any CPU.ActiveCfg = Release|Any CPU
		{85E03792-E89C-4FF0-A769-78D8A4F0F18C}.Release|Any CPU.Build.0 = Release|Any CPU
		{59BEFD06-80F4-489D-B129-179334A8A466}.Debug|Any CPU.ActiveCfg = Debug|Any CPU
		{59BEFD06-80F4-489D-B129-179334A8A466}.Debug|Any CPU.Build.0 = Debug|Any CPU
		{59BEFD06-80F4-489D-B129-179334A8A466}.Release|Any CPU.ActiveCfg = Release|Any CPU
		{59BEFD06-80F4-489D-B129-179334A8A466}.Release|Any CPU.Build.0 = Release|Any CPU
	EndGlobalSection
	GlobalSection(SolutionProperties) = preSolution
		HideSolutionNode = FALSE
	EndGlobalSection
	GlobalSection(ExtensibilityGlobals) = postSolution
		SolutionGuid = {C07BBF17-99A9-40FB-97DD-8ED0A773C654}
	EndGlobalSection
EndGlobal
